
Microsoft Visual Studio Solution File, Format Version 12.00
# Visual Studio Version 16
VisualStudioVersion = 16.0.32602.291
MinimumVisualStudioVersion = 10.0.40219.1
Project("{FAE04EC0-301F-11D3-BF4B-00C04F79EFBC}") = "AccutracAP_Old", "AccutracAPI\AccutracAP_Old.csproj", "{D62150A5-5C0D-4395-A1C6-F98FADEAC842}"
	ProjectSection(ProjectDependencies) = postProject
		{F29261FD-0F4D-446D-94F6-BD527B55786D} = {F29261FD-0F4D-446D-94F6-BD527B55786D}
	EndProjectSection
EndProject
Project("{2150E333-8FDC-42A3-9474-1A3956D46DE8}") = "Solution Items", "Solution Items", "{2E55BEA0-3958-48FD-9D94-2EA96185F76E}"
	ProjectSection(SolutionItems) = preProject
		.editorconfig = .editorconfig
	EndProjectSection
EndProject
Project("{9A19103F-16F7-4668-BE54-9A1E7A4F7556}") = "DataAccess", "DataAccess\DataAccess.csproj", "{F29261FD-0F4D-446D-94F6-BD527B55786D}"
EndProject
Project("{9A19103F-16F7-4668-BE54-9A1E7A4F7556}") = "AccutracMinimalAPI", "AccutracMinimalAPI\AccutracMinimalAPI.csproj", "{4A59CDEA-2C01-4324-8737-7C40F4608212}"
EndProject
Project("{9A19103F-16F7-4668-BE54-9A1E7A4F7556}") = "BackCode", "BackCode\BackCode.csproj", "{1F9D36E7-74CD-4D4E-86B6-D9775DB202CD}"
EndProject
Project("{9A19103F-16F7-4668-BE54-9A1E7A4F7556}") = "AccutracWeb", "AccutracWeb\AccutracWeb.csproj", "{88F24D5A-5F33-4BCB-8267-A6BE89CF1FB4}"
EndProject
Project("{00D1A9C2-B5F0-4AF3-8072-F6C62B433612}") = "AccutracDatabase", "AccutracDatabase\AccutracDatabase.sqlproj", "{B5D10DFC-E8AC-47FF-B015-8DF27A6F396B}"
EndProject
Global
	GlobalSection(SolutionConfigurationPlatforms) = preSolution
		Debug|Any CPU = Debug|Any CPU
		Release|Any CPU = Release|Any CPU
	EndGlobalSection
	GlobalSection(ProjectConfigurationPlatforms) = postSolution
		{D62150A5-5C0D-4395-A1C6-F98FADEAC842}.Debug|Any CPU.ActiveCfg = Debug|Any CPU
		{D62150A5-5C0D-4395-A1C6-F98FADEAC842}.Debug|Any CPU.Build.0 = Debug|Any CPU
		{D62150A5-5C0D-4395-A1C6-F98FADEAC842}.Release|Any CPU.ActiveCfg = Release|Any CPU
		{D62150A5-5C0D-4395-A1C6-F98FADEAC842}.Release|Any CPU.Build.0 = Release|Any CPU
		{F29261FD-0F4D-446D-94F6-BD527B55786D}.Debug|Any CPU.ActiveCfg = Debug|Any CPU
		{F29261FD-0F4D-446D-94F6-BD527B55786D}.Debug|Any CPU.Build.0 = Debug|Any CPU
		{F29261FD-0F4D-446D-94F6-BD527B55786D}.Release|Any CPU.ActiveCfg = Release|Any CPU
		{F29261FD-0F4D-446D-94F6-BD527B55786D}.Release|Any CPU.Build.0 = Release|Any CPU
		{4A59CDEA-2C01-4324-8737-7C40F4608212}.Debug|Any CPU.ActiveCfg = Debug|Any CPU
		{4A59CDEA-2C01-4324-8737-7C40F4608212}.Debug|Any CPU.Build.0 = Debug|Any CPU
		{4A59CDEA-2C01-4324-8737-7C40F4608212}.Release|Any CPU.ActiveCfg = Release|Any CPU
		{4A59CDEA-2C01-4324-8737-7C40F4608212}.Release|Any CPU.Build.0 = Release|Any CPU
		{1F9D36E7-74CD-4D4E-86B6-D9775DB202CD}.Debug|Any CPU.ActiveCfg = Debug|Any CPU
		{1F9D36E7-74CD-4D4E-86B6-D9775DB202CD}.Debug|Any CPU.Build.0 = Debug|Any CPU
		{1F9D36E7-74CD-4D4E-86B6-D9775DB202CD}.Release|Any CPU.ActiveCfg = Release|Any CPU
		{1F9D36E7-74CD-4D4E-86B6-D9775DB202CD}.Release|Any CPU.Build.0 = Release|Any CPU
		{88F24D5A-5F33-4BCB-8267-A6BE89CF1FB4}.Debug|Any CPU.ActiveCfg = Debug|Any CPU
		{88F24D5A-5F33-4BCB-8267-A6BE89CF1FB4}.Debug|Any CPU.Build.0 = Debug|Any CPU
		{88F24D5A-5F33-4BCB-8267-A6BE89CF1FB4}.Release|Any CPU.ActiveCfg = Release|Any CPU
		{88F24D5A-5F33-4BCB-8267-A6BE89CF1FB4}.Release|Any CPU.Build.0 = Release|Any CPU
		{B5D10DFC-E8AC-47FF-B015-8DF27A6F396B}.Debug|Any CPU.ActiveCfg = Debug|Any CPU
		{B5D10DFC-E8AC-47FF-B015-8DF27A6F396B}.Debug|Any CPU.Build.0 = Debug|Any CPU
		{B5D10DFC-E8AC-47FF-B015-8DF27A6F396B}.Debug|Any CPU.Deploy.0 = Debug|Any CPU
		{B5D10DFC-E8AC-47FF-B015-8DF27A6F396B}.Release|Any CPU.ActiveCfg = Release|Any CPU
		{B5D10DFC-E8AC-47FF-B015-8DF27A6F396B}.Release|Any CPU.Build.0 = Release|Any CPU
		{B5D10DFC-E8AC-47FF-B015-8DF27A6F396B}.Release|Any CPU.Deploy.0 = Release|Any CPU
	EndGlobalSection
	GlobalSection(SolutionProperties) = preSolution
		HideSolutionNode = FALSE
	EndGlobalSection
	GlobalSection(ExtensibilityGlobals) = postSolution
		SolutionGuid = {F2FBADC4-EC56-4694-B7FB-062B43ACCC8B}
	EndGlobalSection
EndGlobal
